// !$*UTF8*$!
{
	archiveVersion = 1;
	classes = {
	};
	objectVersion = 56;
	objects = {

/* Begin PBXBuildFile section */
		AA000001 /* CrustCaptureApp.swift in Sources */ = {isa = PBXBuildFile; fileRef = AB000001; };
		AA000002 /* AppState.swift in Sources */ = {isa = PBXBuildFile; fileRef = AB000002; };
		AA000003 /* ContentView.swift in Sources */ = {isa = PBXBuildFile; fileRef = AB000003; };
		AA000004 /* CursorEvent.swift in Sources */ = {isa = PBXBuildFile; fileRef = AB000004; };
		AA000005 /* EffectSettings.swift in Sources */ = {isa = PBXBuildFile; fileRef = AB000005; };
		AA000006 /* Project.swift in Sources */ = {isa = PBXBuildFile; fileRef = AB000006; };
		AA000007 /* RecordingSession.swift in Sources */ = {isa = PBXBuildFile; fileRef = AB000007; };
		AA000008 /* PermissionsService.swift in Sources */ = {isa = PBXBuildFile; fileRef = AB000008; };
		AA000009 /* ScreenCaptureService.swift in Sources */ = {isa = PBXBuildFile; fileRef = AB000009; };
		AA000010 /* RecordingEngine.swift in Sources */ = {isa = PBXBuildFile; fileRef = AB000010; };
		AA000011 /* CursorTracker.swift in Sources */ = {isa = PBXBuildFile; fileRef = AB000011; };
		AA000012 /* CompositorPipeline.swift in Sources */ = {isa = PBXBuildFile; fileRef = AB000012; };
		AA000013 /* AutoZoomAnalyzer.swift in Sources */ = {isa = PBXBuildFile; fileRef = AB000013; };
		AA000014 /* ExportEngine.swift in Sources */ = {isa = PBXBuildFile; fileRef = AB000014; };
		AA000015 /* RecordingViewModel.swift in Sources */ = {isa = PBXBuildFile; fileRef = AB000015; };
		AA000016 /* EditorViewModel.swift in Sources */ = {isa = PBXBuildFile; fileRef = AB000016; };
		AA000017 /* ExportViewModel.swift in Sources */ = {isa = PBXBuildFile; fileRef = AB000017; };
		AA000018 /* RecordingSetupView.swift in Sources */ = {isa = PBXBuildFile; fileRef = AB000018; };
		AA000019 /* CountdownView.swift in Sources */ = {isa = PBXBuildFile; fileRef = AB000019; };
		AA000020 /* RecordingOverlayView.swift in Sources */ = {isa = PBXBuildFile; fileRef = AB000020; };
		AA000021 /* EditorView.swift in Sources */ = {isa = PBXBuildFile; fileRef = AB000021; };
		AA000022 /* InspectorView.swift in Sources */ = {isa = PBXBuildFile; fileRef = AB000022; };
		AA000023 /* ExportView.swift in Sources */ = {isa = PBXBuildFile; fileRef = AB000023; };
		AA000024 /* Assets.xcassets in Resources */ = {isa = PBXBuildFile; fileRef = AB000024; };
		AA000030 /* CursorSmoother.swift in Sources */ = {isa = PBXBuildFile; fileRef = AB000030; };
/* End PBXBuildFile section */

/* Begin PBXFileReference section */
		AB000001 /* CrustCaptureApp.swift */ = {isa = PBXFileReference; lastKnownFileType = sourcecode.swift; path = CrustCaptureApp.swift; sourceTree = "<group>"; };
		AB000002 /* AppState.swift */ = {isa = PBXFileReference; lastKnownFileType = sourcecode.swift; path = AppState.swift; sourceTree = "<group>"; };
		AB000003 /* ContentView.swift */ = {isa = PBXFileReference; lastKnownFileType = sourcecode.swift; path = ContentView.swift; sourceTree = "<group>"; };
		AB000004 /* CursorEvent.swift */ = {isa = PBXFileReference; lastKnownFileType = sourcecode.swift; path = CursorEvent.swift; sourceTree = "<group>"; };
		AB000005 /* EffectSettings.swift */ = {isa = PBXFileReference; lastKnownFileType = sourcecode.swift; path = EffectSettings.swift; sourceTree = "<group>"; };
		AB000006 /* Project.swift */ = {isa = PBXFileReference; lastKnownFileType = sourcecode.swift; path = Project.swift; sourceTree = "<group>"; };
		AB000007 /* RecordingSession.swift */ = {isa = PBXFileReference; lastKnownFileType = sourcecode.swift; path = RecordingSession.swift; sourceTree = "<group>"; };
		AB000008 /* PermissionsService.swift */ = {isa = PBXFileReference; lastKnownFileType = sourcecode.swift; path = PermissionsService.swift; sourceTree = "<group>"; };
		AB000009 /* ScreenCaptureService.swift */ = {isa = PBXFileReference; lastKnownFileType = sourcecode.swift; path = ScreenCaptureService.swift; sourceTree = "<group>"; };
		AB000010 /* RecordingEngine.swift */ = {isa = PBXFileReference; lastKnownFileType = sourcecode.swift; path = RecordingEngine.swift; sourceTree = "<group>"; };
		AB000011 /* CursorTracker.swift */ = {isa = PBXFileReference; lastKnownFileType = sourcecode.swift; path = CursorTracker.swift; sourceTree = "<group>"; };
		AB000012 /* CompositorPipeline.swift */ = {isa = PBXFileReference; lastKnownFileType = sourcecode.swift; path = CompositorPipeline.swift; sourceTree = "<group>"; };
		AB000013 /* AutoZoomAnalyzer.swift */ = {isa = PBXFileReference; lastKnownFileType = sourcecode.swift; path = AutoZoomAnalyzer.swift; sourceTree = "<group>"; };
		AB000014 /* ExportEngine.swift */ = {isa = PBXFileReference; lastKnownFileType = sourcecode.swift; path = ExportEngine.swift; sourceTree = "<group>"; };
		AB000030 /* CursorSmoother.swift */ = {isa = PBXFileReference; lastKnownFileType = sourcecode.swift; path = CursorSmoother.swift; sourceTree = "<group>"; };
		AB000015 /* RecordingViewModel.swift */ = {isa = PBXFileReference; lastKnownFileType = sourcecode.swift; path = RecordingViewModel.swift; sourceTree = "<group>"; };
		AB000016 /* EditorViewModel.swift */ = {isa = PBXFileReference; lastKnownFileType = sourcecode.swift; path = EditorViewModel.swift; sourceTree = "<group>"; };
		AB000017 /* ExportViewModel.swift */ = {isa = PBXFileReference; lastKnownFileType = sourcecode.swift; path = ExportViewModel.swift; sourceTree = "<group>"; };
		AB000018 /* RecordingSetupView.swift */ = {isa = PBXFileReference; lastKnownFileType = sourcecode.swift; path = RecordingSetupView.swift; sourceTree = "<group>"; };
		AB000019 /* CountdownView.swift */ = {isa = PBXFileReference; lastKnownFileType = sourcecode.swift; path = CountdownView.swift; sourceTree = "<group>"; };
		AB000020 /* RecordingOverlayView.swift */ = {isa = PBXFileReference; lastKnownFileType = sourcecode.swift; path = RecordingOverlayView.swift; sourceTree = "<group>"; };
		AB000021 /* EditorView.swift */ = {isa = PBXFileReference; lastKnownFileType = sourcecode.swift; path = EditorView.swift; sourceTree = "<group>"; };
		AB000022 /* InspectorView.swift */ = {isa = PBXFileReference; lastKnownFileType = sourcecode.swift; path = InspectorView.swift; sourceTree = "<group>"; };
		AB000023 /* ExportView.swift */ = {isa = PBXFileReference; lastKnownFileType = sourcecode.swift; path = ExportView.swift; sourceTree = "<group>"; };
		AB000024 /* Assets.xcassets */ = {isa = PBXFileReference; lastKnownFileType = folder.assetcatalog; path = Assets.xcassets; sourceTree = "<group>"; };
		AB000025 /* Info.plist */ = {isa = PBXFileReference; lastKnownFileType = text.plist.xml; path = Info.plist; sourceTree = "<group>"; };
		AB000026 /* CrustCapture.entitlements */ = {isa = PBXFileReference; lastKnownFileType = text.plist.entitlements; path = CrustCapture.entitlements; sourceTree = "<group>"; };
		AB000100 /* CrustCapture.app */ = {isa = PBXFileReference; explicitFileType = wrapper.application; includeInIndex = 0; path = CrustCapture.app; sourceTree = BUILT_PRODUCTS_DIR; };
/* End PBXFileReference section */

/* Begin PBXFrameworksBuildPhase section */
		AC000001 /* Frameworks */ = {
			isa = PBXFrameworksBuildPhase;
			buildActionMask = 2147483647;
			files = (
			);
			runOnlyForDeploymentPostprocessing = 0;
		};
/* End PBXFrameworksBuildPhase section */

/* Begin PBXGroup section */
		AD000001 = {
			isa = PBXGroup;
			children = (
				AD000002 /* CrustCapture */,
				AD000099 /* Products */,
			);
			sourceTree = "<group>";
		};
		AD000002 /* CrustCapture */ = {
			isa = PBXGroup;
			children = (
				AD000003 /* App */,
				AD000004 /* Models */,
				AD000005 /* Services */,
				AD000006 /* ViewModels */,
				AD000007 /* Views */,
				AD000012 /* Resources */,
				AB000025 /* Info.plist */,
			);
			path = CrustCapture;
			sourceTree = "<group>";
		};
		AD000003 /* App */ = {
			isa = PBXGroup;
			children = (
				AB000001 /* CrustCaptureApp.swift */,
				AB000002 /* AppState.swift */,
				AB000026 /* CrustCapture.entitlements */,
			);
			path = App;
			sourceTree = "<group>";
		};
		AD000004 /* Models */ = {
			isa = PBXGroup;
			children = (
				AB000004 /* CursorEvent.swift */,
				AB000005 /* EffectSettings.swift */,
				AB000006 /* Project.swift */,
				AB000007 /* RecordingSession.swift */,
			);
			path = Models;
			sourceTree = "<group>";
		};
		AD000005 /* Services */ = {
			isa = PBXGroup;
			children = (
				AB000008 /* PermissionsService.swift */,
				AB000009 /* ScreenCaptureService.swift */,
				AB000010 /* RecordingEngine.swift */,
				AB000011 /* CursorTracker.swift */,
				AB000012 /* CompositorPipeline.swift */,
				AB000013 /* AutoZoomAnalyzer.swift */,
				AB000014 /* ExportEngine.swift */,
				AB000030 /* CursorSmoother.swift */,
			);
			path = Services;
			sourceTree = "<group>";
		};
		AD000006 /* ViewModels */ = {
			isa = PBXGroup;
			children = (
				AB000015 /* RecordingViewModel.swift */,
				AB000016 /* EditorViewModel.swift */,
				AB000017 /* ExportViewModel.swift */,
			);
			path = ViewModels;
			sourceTree = "<group>";
		};
		AD000007 /* Views */ = {
			isa = PBXGroup;
			children = (
				AB000003 /* ContentView.swift */,
				AD000008 /* Recording */,
				AD000009 /* Editor */,
				AD000010 /* Export */,
			);
			path = Views;
			sourceTree = "<group>";
		};
		AD000008 /* Recording */ = {
			isa = PBXGroup;
			children = (
				AB000018 /* RecordingSetupView.swift */,
				AB000019 /* CountdownView.swift */,
				AB000020 /* RecordingOverlayView.swift */,
			);
			path = Recording;
			sourceTree = "<group>";
		};
		AD000009 /* Editor */ = {
			isa = PBXGroup;
			children = (
				AB000021 /* EditorView.swift */,
				AB000022 /* InspectorView.swift */,
			);
			path = Editor;
			sourceTree = "<group>";
		};
		AD000010 /* Export */ = {
			isa = PBXGroup;
			children = (
				AB000023 /* ExportView.swift */,
			);
			path = Export;
			sourceTree = "<group>";
		};
		AD000012 /* Resources */ = {
			isa = PBXGroup;
			children = (
				AB000024 /* Assets.xcassets */,
			);
			path = Resources;
			sourceTree = "<group>";
		};
		AD000099 /* Products */ = {
			isa = PBXGroup;
			children = (
				AB000100 /* CrustCapture.app */,
			);
			name = Products;
			sourceTree = "<group>";
		};
/* End PBXGroup section */

/* Begin PBXNativeTarget section */
		AE000001 /* CrustCapture */ = {
			isa = PBXNativeTarget;
			buildConfigurationList = AF000003 /* Build configuration list for PBXNativeTarget "CrustCapture" */;
			buildPhases = (
				AE000002 /* Sources */,
				AC000001 /* Frameworks */,
				AE000003 /* Resources */,
			);
			buildRules = (
			);
			dependencies = (
			);
			name = CrustCapture;
			productName = CrustCapture;
			productReference = AB000100 /* CrustCapture.app */;
			productType = "com.apple.product-type.application";
		};
/* End PBXNativeTarget section */

/* Begin PBXProject section */
		AE000099 /* Project object */ = {
			isa = PBXProject;
			attributes = {
				BuildIndependentTargetsInParallel = 1;
				LastSwiftUpdateCheck = 1500;
				LastUpgradeCheck = 1500;
				TargetAttributes = {
					AE000001 = {
						CreatedOnToolsVersion = 15.0;
					};
				};
			};
			buildConfigurationList = AF000001 /* Build configuration list for PBXProject "CrustCapture" */;
			compatibilityVersion = "Xcode 14.0";
			developmentRegion = en;
			hasScannedForEncodings = 0;
			knownRegions = (
				en,
				Base,
			);
			mainGroup = AD000001;
			productRefGroup = AD000099 /* Products */;
			projectDirPath = "";
			projectRoot = "";
			targets = (
				AE000001 /* CrustCapture */,
			);
		};
/* End PBXProject section */

/* Begin PBXResourcesBuildPhase section */
		AE000003 /* Resources */ = {
			isa = PBXResourcesBuildPhase;
			buildActionMask = 2147483647;
			files = (
				AA000024 /* Assets.xcassets in Resources */,
			);
			runOnlyForDeploymentPostprocessing = 0;
		};
/* End PBXResourcesBuildPhase section */

/* Begin PBXSourcesBuildPhase section */
		AE000002 /* Sources */ = {
			isa = PBXSourcesBuildPhase;
			buildActionMask = 2147483647;
			files = (
				AA000001 /* CrustCaptureApp.swift in Sources */,
				AA000002 /* AppState.swift in Sources */,
				AA000003 /* ContentView.swift in Sources */,
				AA000004 /* CursorEvent.swift in Sources */,
				AA000005 /* EffectSettings.swift in Sources */,
				AA000006 /* Project.swift in Sources */,
				AA000007 /* RecordingSession.swift in Sources */,
				AA000008 /* PermissionsService.swift in Sources */,
				AA000009 /* ScreenCaptureService.swift in Sources */,
				AA000010 /* RecordingEngine.swift in Sources */,
				AA000011 /* CursorTracker.swift in Sources */,
				AA000012 /* CompositorPipeline.swift in Sources */,
				AA000013 /* AutoZoomAnalyzer.swift in Sources */,
				AA000014 /* ExportEngine.swift in Sources */,
				AA000015 /* RecordingViewModel.swift in Sources */,
				AA000016 /* EditorViewModel.swift in Sources */,
				AA000017 /* ExportViewModel.swift in Sources */,
				AA000018 /* RecordingSetupView.swift in Sources */,
				AA000019 /* CountdownView.swift in Sources */,
				AA000020 /* RecordingOverlayView.swift in Sources */,
				AA000021 /* EditorView.swift in Sources */,
				AA000022 /* InspectorView.swift in Sources */,
				AA000023 /* ExportView.swift in Sources */,
				AA000030 /* CursorSmoother.swift in Sources */,
			);
			runOnlyForDeploymentPostprocessing = 0;
		};
/* End PBXSourcesBuildPhase section */

/* Begin XCBuildConfiguration section */
		AF000010 /* Debug */ = {
			isa = XCBuildConfiguration;
			buildSettings = {
				ALWAYS_SEARCH_USER_PATHS = NO;
				ASSETCATALOG_COMPILER_GENERATE_SWIFT_ASSET_SYMBOL_EXTENSIONS = YES;
				CLANG_ANALYZER_NONNULL = YES;
				CLANG_ANALYZER_NUMBER_OBJECT_CONVERSION = YES_AGGRESSIVE;
				CLANG_CXX_LANGUAGE_STANDARD = "gnu++20";
				CLANG_ENABLE_MODULES = YES;
				CLANG_ENABLE_OBJC_ARC = YES;
				CLANG_ENABLE_OBJC_WEAK = YES;
				CLANG_WARN_BLOCK_CAPTURE_AUTORELEASING = YES;
				CLANG_WARN_BOOL_CONVERSION = YES;
				CLANG_WARN_COMMA = YES;
				CLANG_WARN_CONSTANT_CONVERSION = YES;
				CLANG_WARN_DEPRECATED_OBJC_IMPLEMENTATIONS = YES;
				CLANG_WARN_DIRECT_OBJC_ISA_USAGE = YES_ERROR;
				CLANG_WARN_DOCUMENTATION_COMMENTS = YES;
				CLANG_WARN_EMPTY_BODY = YES;
				CLANG_WARN_ENUM_CONVERSION = YES;
				CLANG_WARN_INFINITE_RECURSION = YES;
				CLANG_WARN_INT_CONVERSION = YES;
				CLANG_WARN_NON_LITERAL_NULL_CONVERSION = YES;
				CLANG_WARN_OBJC_IMPLICIT_RETAIN_SELF = YES;
				CLANG_WARN_OBJC_LITERAL_CONVERSION = YES;
				CLANG_WARN_OBJC_ROOT_CLASS = YES_ERROR;
				CLANG_WARN_QUOTED_INCLUDE_IN_FRAMEWORK_HEADER = YES;
				CLANG_WARN_RANGE_LOOP_ANALYSIS = YES;
				CLANG_WARN_STRICT_PROTOTYPES = YES;
				CLANG_WARN_SUSPICIOUS_MOVE = YES;
				CLANG_WARN_UNGUARDED_AVAILABILITY = YES_AGGRESSIVE;
				CLANG_WARN_UNREACHABLE_CODE = YES;
				CLANG_WARN__DUPLICATE_METHOD_MATCH = YES;
				COPY_PHASE_STRIP = NO;
				DEBUG_INFORMATION_FORMAT = dwarf;
				ENABLE_STRICT_OBJC_MSGSEND = YES;
				ENABLE_TESTABILITY = YES;
				ENABLE_USER_SCRIPT_SANDBOXING = YES;
				GCC_C_LANGUAGE_STANDARD = gnu17;
				GCC_DYNAMIC_NO_PIC = NO;
				GCC_NO_COMMON_BLOCKS = YES;
				GCC_OPTIMIZATION_LEVEL = 0;
				GCC_PREPROCESSOR_DEFINITIONS = (
					"DEBUG=1",
					"$(inherited)",
				);
				GCC_WARN_64_TO_32_BIT_CONVERSION = YES;
				GCC_WARN_ABOUT_RETURN_TYPE = YES_ERROR;
				GCC_WARN_UNDECLARED_SELECTOR = YES;
				GCC_WARN_UNINITIALIZED_AUTOS = YES_AGGRESSIVE;
				GCC_WARN_UNUSED_FUNCTION = YES;
				GCC_WARN_UNUSED_VARIABLE = YES;
				MACOSX_DEPLOYMENT_TARGET = 14.0;
				MTL_ENABLE_DEBUG_INFO = INCLUDE_SOURCE;
				MTL_FAST_MATH = YES;
				ONLY_ACTIVE_ARCH = YES;
				SDKROOT = macosx;
				SWIFT_ACTIVE_COMPILATION_CONDITIONS = "DEBUG $(inherited)";
				SWIFT_OPTIMIZATION_LEVEL = "-Onone";
			};
			name = Debug;
		};
		AF000011 /* Release */ = {
			isa = XCBuildConfiguration;
			buildSettings = {
				ALWAYS_SEARCH_USER_PATHS = NO;
				ASSETCATALOG_COMPILER_GENERATE_SWIFT_ASSET_SYMBOL_EXTENSIONS = YES;
				CLANG_ANALYZER_NONNULL = YES;
				CLANG_ANALYZER_NUMBER_OBJECT_CONVERSION = YES_AGGRESSIVE;
				CLANG_CXX_LANGUAGE_STANDARD = "gnu++20";
				CLANG_ENABLE_MODULES = YES;
				CLANG_ENABLE_OBJC_ARC = YES;
				CLANG_ENABLE_OBJC_WEAK = YES;
				CLANG_WARN_BLOCK_CAPTURE_AUTORELEASING = YES;
				CLANG_WARN_BOOL_CONVERSION = YES;
				CLANG_WARN_COMMA = YES;
				CLANG_WARN_CONSTANT_CONVERSION = YES;
				CLANG_WARN_DEPRECATED_OBJC_IMPLEMENTATIONS = YES;
				CLANG_WARN_DIRECT_OBJC_ISA_USAGE = YES_ERROR;
				CLANG_WARN_DOCUMENTATION_COMMENTS = YES;
				CLANG_WARN_EMPTY_BODY = YES;
				CLANG_WARN_ENUM_CONVERSION = YES;
				CLANG_WARN_INFINITE_RECURSION = YES;
				CLANG_WARN_INT_CONVERSION = YES;
				CLANG_WARN_NON_LITERAL_NULL_CONVERSION = YES;
				CLANG_WARN_OBJC_IMPLICIT_RETAIN_SELF = YES;
				CLANG_WARN_OBJC_LITERAL_CONVERSION = YES;
				CLANG_WARN_OBJC_ROOT_CLASS = YES_ERROR;
				CLANG_WARN_QUOTED_INCLUDE_IN_FRAMEWORK_HEADER = YES;
				CLANG_WARN_RANGE_LOOP_ANALYSIS = YES;
				CLANG_WARN_STRICT_PROTOTYPES = YES;
				CLANG_WARN_SUSPICIOUS_MOVE = YES;
				CLANG_WARN_UNGUARDED_AVAILABILITY = YES_AGGRESSIVE;
				CLANG_WARN_UNREACHABLE_CODE = YES;
				CLANG_WARN__DUPLICATE_METHOD_MATCH = YES;
				COPY_PHASE_STRIP = NO;
				DEBUG_INFORMATION_FORMAT = "dwarf-with-dsym";
				ENABLE_NS_ASSERTIONS = NO;
				ENABLE_STRICT_OBJC_MSGSEND = YES;
				ENABLE_USER_SCRIPT_SANDBOXING = YES;
				GCC_C_LANGUAGE_STANDARD = gnu17;
				GCC_NO_COMMON_BLOCKS = YES;
				GCC_WARN_64_TO_32_BIT_CONVERSION = YES;
				GCC_WARN_ABOUT_RETURN_TYPE = YES_ERROR;
				GCC_WARN_UNDECLARED_SELECTOR = YES;
				GCC_WARN_UNINITIALIZED_AUTOS = YES_AGGRESSIVE;
				GCC_WARN_UNUSED_FUNCTION = YES;
				GCC_WARN_UNUSED_VARIABLE = YES;
				MACOSX_DEPLOYMENT_TARGET = 14.0;
				MTL_ENABLE_DEBUG_INFO = NO;
				MTL_FAST_MATH = YES;
				SDKROOT = macosx;
				SWIFT_COMPILATION_MODE = wholemodule;
			};
			name = Release;
		};
		AF000020 /* Debug */ = {
			isa = XCBuildConfiguration;
			buildSettings = {
				ASSETCATALOG_COMPILER_APPICON_NAME = AppIcon;
				ASSETCATALOG_COMPILER_GLOBAL_ACCENT_COLOR_NAME = AccentColor;
				CODE_SIGN_ENTITLEMENTS = CrustCapture/App/CrustCapture.entitlements;
				CODE_SIGN_IDENTITY = "-";
				CODE_SIGN_STYLE = Manual;
				COMBINE_HIDPI_IMAGES = YES;
				CURRENT_PROJECT_VERSION = 1;
				DEVELOPMENT_ASSET_PATHS = "";
				ENABLE_HARDENED_RUNTIME = NO;
				GENERATE_INFOPLIST_FILE = YES;
				INFOPLIST_FILE = CrustCapture/Info.plist;
				INFOPLIST_KEY_LSApplicationCategoryType = "public.app-category.video";
				INFOPLIST_KEY_NSHumanReadableCopyright = "Copyright 2026 MoonCrust Games";
				LD_RUNPATH_SEARCH_PATHS = (
					"$(inherited)",
					"@executable_path/../Frameworks",
				);
				MARKETING_VERSION = 1.0;
				PRODUCT_BUNDLE_IDENTIFIER = com.mooncrustgames.CrustCapture;
				PRODUCT_NAME = "$(TARGET_NAME)";
				SWIFT_EMIT_LOC_STRINGS = YES;
				SWIFT_VERSION = 5.0;
			};
			name = Debug;
		};
		AF000021 /* Release */ = {
			isa = XCBuildConfiguration;
			buildSettings = {
				ASSETCATALOG_COMPILER_APPICON_NAME = AppIcon;
				ASSETCATALOG_COMPILER_GLOBAL_ACCENT_COLOR_NAME = AccentColor;
				CODE_SIGN_ENTITLEMENTS = CrustCapture/App/CrustCapture.entitlements;
				CODE_SIGN_STYLE = Automatic;
				COMBINE_HIDPI_IMAGES = YES;
				CURRENT_PROJECT_VERSION = 1;
				DEVELOPMENT_ASSET_PATHS = "";
				ENABLE_HARDENED_RUNTIME = YES;
				GENERATE_INFOPLIST_FILE = YES;
				INFOPLIST_FILE = CrustCapture/Info.plist;
				INFOPLIST_KEY_LSApplicationCategoryType = "public.app-category.video";
				INFOPLIST_KEY_NSHumanReadableCopyright = "Copyright 2026 MoonCrust Games";
				LD_RUNPATH_SEARCH_PATHS = (
					"$(inherited)",
					"@executable_path/../Frameworks",
				);
				MARKETING_VERSION = 1.0;
				PRODUCT_BUNDLE_IDENTIFIER = com.mooncrustgames.CrustCapture;
				PRODUCT_NAME = "$(TARGET_NAME)";
				SWIFT_EMIT_LOC_STRINGS = YES;
				SWIFT_VERSION = 5.0;
			};
			name = Release;
		};
/* End XCBuildConfiguration section */

/* Begin XCConfigurationList section */
		AF000001 /* Build configuration list for PBXProject "CrustCapture" */ = {
			isa = XCConfigurationList;
			buildConfigurations = (
				AF000010 /* Debug */,
				AF000011 /* Release */,
			);
			defaultConfigurationIsVisible = 0;
			defaultConfigurationName = Release;
		};
		AF000003 /* Build configuration list for PBXNativeTarget "CrustCapture" */ = {
			isa = XCConfigurationList;
			buildConfigurations = (
				AF000020 /* Debug */,
				AF000021 /* Release */,
			);
			defaultConfigurationIsVisible = 0;
			defaultConfigurationName = Release;
		};
/* End XCConfigurationList section */

	};
	rootObject = AE000099 /* Project object */;
}
